
Microsoft Visual Studio Solution File, Format Version 12.00
# Visual Studio Version 17
VisualStudioVersion = 17.14.36221.1 d17.14
MinimumVisualStudioVersion = 10.0.40219.1
Project("{FAE04EC0-301F-11D3-BF4B-00C04F79EFBC}") = "CRMTask.API", "CRMTask\CRMTask.API.csproj", "{490289FE-71E6-4F17-8652-AF0050F956D0}"
EndProject
Project("{FAE04EC0-301F-11D3-BF4B-00C04F79EFBC}") = "CRMTask.DataAccess", "CRMTask.DataAccess\CRMTask.DataAccess.csproj", "{17A8A3E2-A042-4998-B6C6-48300E469C08}"
EndProject
Project("{FAE04EC0-301F-11D3-BF4B-00C04F79EFBC}") = "CRMTask.Business", "CRMTask.Business\CRMTask.Business.csproj", "{DFD9B98C-B90D-464F-8661-2E3ED17705E9}"
EndProject
Global
	GlobalSection(SolutionConfigurationPlatforms) = preSolution
		Debug|Any CPU = Debug|Any CPU
		Release|Any CPU = Release|Any CPU
	EndGlobalSection
	GlobalSection(ProjectConfigurationPlatforms) = postSolution
		{490289FE-71E6-4F17-8652-AF0050F956D0}.Debug|Any CPU.ActiveCfg = Debug|Any CPU
		{490289FE-71E6-4F17-8652-AF0050F956D0}.Debug|Any CPU.Build.0 = Debug|Any CPU
		{490289FE-71E6-4F17-8652-AF0050F956D0}.Release|Any CPU.ActiveCfg = Release|Any CPU
		{490289FE-71E6-4F17-8652-AF0050F956D0}.Release|Any CPU.Build.0 = Release|Any CPU
		{17A8A3E2-A042-4998-B6C6-48300E469C08}.Debug|Any CPU.ActiveCfg = Debug|Any CPU
		{17A8A3E2-A042-4998-B6C6-48300E469C08}.Debug|Any CPU.Build.0 = Debug|Any CPU
		{17A8A3E2-A042-4998-B6C6-48300E469C08}.Release|Any CPU.ActiveCfg = Release|Any CPU
		{17A8A3E2-A042-4998-B6C6-48300E469C08}.Release|Any CPU.Build.0 = Release|Any CPU
		{DFD9B98C-B90D-464F-8661-2E3ED17705E9}.Debug|Any CPU.ActiveCfg = Debug|Any CPU
		{DFD9B98C-B90D-464F-8661-2E3ED17705E9}.Debug|Any CPU.Build.0 = Debug|Any CPU
		{DFD9B98C-B90D-464F-8661-2E3ED17705E9}.Release|Any CPU.ActiveCfg = Release|Any CPU
		{DFD9B98C-B90D-464F-8661-2E3ED17705E9}.Release|Any CPU.Build.0 = Release|Any CPU
	EndGlobalSection
	GlobalSection(SolutionProperties) = preSolution
		HideSolutionNode = FALSE
	EndGlobalSection
	GlobalSection(ExtensibilityGlobals) = postSolution
		SolutionGuid = {2F87F2F2-453B-4349-90CC-34E73CE90E74}
	EndGlobalSection
EndGlobal
